<?xml version="1.0" encoding="utf-8"?>
<Project ToolsVersion="4.0" xmlns="http://schemas.microsoft.com/developer/msbuild/2003">
  <ItemGroup>
    <Filter Include="소스 파일">
      <UniqueIdentifier>{4FC737F1-C7A5-4376-A066-2A32D752A2FF}</UniqueIdentifier>
      <Extensions>cpp;c;cc;cxx;def;odl;idl;hpj;bat;asm;asmx</Extensions>
    </Filter>
    <Filter Include="헤더 파일">
      <UniqueIdentifier>{93995380-89BD-4b04-88EB-625FBE52EBFB}</UniqueIdentifier>
      <Extensions>h;hh;hpp;hxx;hm;inl;inc;ipp;xsd</Extensions>
    </Filter>
    <Filter Include="shaders">
      <UniqueIdentifier>{d7142ea2-5a3f-48b3-9d32-96319753b2e6}</UniqueIdentifier>
    </Filter>
    <Filter Include="textures">
      <UniqueIdentifier>{faa68c7e-5d9b-45f2-8555-ed1b3791220d}</UniqueIdentifier>
    </Filter>
    <Filter Include="tdogl">
      <UniqueIdentifier>{0e6f2c2c-3225-49fe-875f-58fa37fa64e6}</UniqueIdentifier>
    </Filter>
    <Filter Include="cuda">
      <UniqueIdentifier>{b645c452-a765-427a-9c22-22d1a63dcf2d}</UniqueIdentifier>
    </Filter>
  </ItemGroup>
  <ItemGroup>
    <ClCompile Include="main.cpp">
      <Filter>소스 파일</Filter>
    </ClCompile>
    <ClCompile Include="particle_system.cpp">
      <Filter>소스 파일</Filter>
    </ClCompile>
    <ClCompile Include="main_window.cpp">
      <Filter>소스 파일</Filter>
    </ClCompile>
    <ClCompile Include="shader.cpp">
      <Filter>소스 파일</Filter>
    </ClCompile>
    <ClCompile Include="pch.cpp">
      <Filter>소스 파일</Filter>
    </ClCompile>
    <ClCompile Include="main_scene.cpp">
      <Filter>소스 파일</Filter>
    </ClCompile>
    <ClCompile Include="skybox.cpp">
      <Filter>소스 파일</Filter>
    </ClCompile>
    <ClCompile Include="camera.cpp">
      <Filter>소스 파일</Filter>
    </ClCompile>
    <ClCompile Include="tdogl\Bitmap.cpp">
      <Filter>tdogl</Filter>
    </ClCompile>
    <ClCompile Include="material.cpp">
      <Filter>소스 파일</Filter>
    </ClCompile>
    <ClCompile Include="light.cpp">
      <Filter>소스 파일</Filter>
    </ClCompile>
  </ItemGroup>
  <ItemGroup>
    <ClInclude Include="particle_system.h">
      <Filter>헤더 파일</Filter>
    </ClInclude>
    <ClInclude Include="main_window.h">
      <Filter>헤더 파일</Filter>
    </ClInclude>
    <ClInclude Include="shader.h">
      <Filter>헤더 파일</Filter>
    </ClInclude>
    <ClInclude Include="pch.h">
      <Filter>헤더 파일</Filter>
    </ClInclude>
    <ClInclude Include="main_scene.h">
      <Filter>헤더 파일</Filter>
    </ClInclude>
    <ClInclude Include="scene.h">
      <Filter>헤더 파일</Filter>
    </ClInclude>
    <ClInclude Include="skybox.h">
      <Filter>헤더 파일</Filter>
    </ClInclude>
    <ClInclude Include="camera.h">
      <Filter>헤더 파일</Filter>
    </ClInclude>
    <ClInclude Include="tdogl\Bitmap.h">
      <Filter>tdogl</Filter>
    </ClInclude>
    <ClInclude Include="tdogl\stb_image.h">
      <Filter>tdogl</Filter>
    </ClInclude>
    <ClInclude Include="material.h">
      <Filter>헤더 파일</Filter>
    </ClInclude>
    <ClInclude Include="light.h">
      <Filter>헤더 파일</Filter>
    </ClInclude>
    <ClInclude Include="particle_system.cuh">
      <Filter>cuda</Filter>
    </ClInclude>
  </ItemGroup>
  <ItemGroup>
    <None Include="shaders\skybox.vert">
      <Filter>shaders</Filter>
    </None>
    <None Include="shaders\skybox.frag">
      <Filter>shaders</Filter>
    </None>
    <None Include="shaders\particle.vert">
      <Filter>shaders</Filter>
    </None>
    <None Include="shaders\particle.frag">
      <Filter>shaders</Filter>
    </None>
  </ItemGroup>
  <ItemGroup>
    <Image Include="textures\cubemap6.jpg">
      <Filter>textures</Filter>
    </Image>
    <Image Include="textures\cubemap1.jpg">
      <Filter>textures</Filter>
    </Image>
    <Image Include="textures\cubemap2.jpg">
      <Filter>textures</Filter>
    </Image>
    <Image Include="textures\cubemap3.jpg">
      <Filter>textures</Filter>
    </Image>
    <Image Include="textures\cubemap4.jpg">
      <Filter>textures</Filter>
    </Image>
    <Image Include="textures\cubemap5.jpg">
      <Filter>textures</Filter>
    </Image>
  </ItemGroup>
  <ItemGroup>
    <CudaCompile Include="particle_system.cu">
      <Filter>cuda</Filter>
    </CudaCompile>
  </ItemGroup>
</Project>